
Microsoft Visual Studio Solution File, Format Version 12.00
# Visual Studio Version 16
VisualStudioVersion = 16.0.31229.75
MinimumVisualStudioVersion = 10.0.40219.1
Project("{FAE04EC0-301F-11D3-BF4B-00C04F79EFBC}") = "TruckSlot.Android", "TruckSlot\TruckSlot.Android\TruckSlot.Android.csproj", "{5230C439-C8BB-4486-8212-CFAFC1E15074}"
EndProject
Project("{FAE04EC0-301F-11D3-BF4B-00C04F79EFBC}") = "TruckSlot.iOS", "TruckSlot\TruckSlot.iOS\TruckSlot.iOS.csproj", "{0CDDD3D5-824D-4820-B557-864942A3EE00}"
EndProject
Project("{FAE04EC0-301F-11D3-BF4B-00C04F79EFBC}") = "TruckSlot", "TruckSlot\TruckSlot\TruckSlot.csproj", "{F523F9ED-7898-4B69-9BC5-0B49DFC4BA84}"
EndProject
Global
	GlobalSection(SolutionConfigurationPlatforms) = preSolution
		Debug|Any CPU = Debug|Any CPU
		Debug|iPhone = Debug|iPhone
		Debug|iPhoneSimulator = Debug|iPhoneSimulator
		Release|Any CPU = Release|Any CPU
		Release|iPhone = Release|iPhone
		Release|iPhoneSimulator = Release|iPhoneSimulator
	EndGlobalSection
	GlobalSection(ProjectConfigurationPlatforms) = postSolution
		{5230C439-C8BB-4486-8212-CFAFC1E15074}.Debug|Any CPU.ActiveCfg = Debug|Any CPU
		{5230C439-C8BB-4486-8212-CFAFC1E15074}.Debug|Any CPU.Build.0 = Debug|Any CPU
		{5230C439-C8BB-4486-8212-CFAFC1E15074}.Debug|Any CPU.Deploy.0 = Debug|Any CPU
		{5230C439-C8BB-4486-8212-CFAFC1E15074}.Debug|iPhone.ActiveCfg = Debug|Any CPU
		{5230C439-C8BB-4486-8212-CFAFC1E15074}.Debug|iPhone.Build.0 = Debug|Any CPU
		{5230C439-C8BB-4486-8212-CFAFC1E15074}.Debug|iPhone.Deploy.0 = Debug|Any CPU
		{5230C439-C8BB-4486-8212-CFAFC1E15074}.Debug|iPhoneSimulator.ActiveCfg = Debug|Any CPU
		{5230C439-C8BB-4486-8212-CFAFC1E15074}.Debug|iPhoneSimulator.Build.0 = Debug|Any CPU
		{5230C439-C8BB-4486-8212-CFAFC1E15074}.Debug|iPhoneSimulator.Deploy.0 = Debug|Any CPU
		{5230C439-C8BB-4486-8212-CFAFC1E15074}.Release|Any CPU.ActiveCfg = Release|Any CPU
		{5230C439-C8BB-4486-8212-CFAFC1E15074}.Release|Any CPU.Build.0 = Release|Any CPU
		{5230C439-C8BB-4486-8212-CFAFC1E15074}.Release|Any CPU.Deploy.0 = Release|Any CPU
		{5230C439-C8BB-4486-8212-CFAFC1E15074}.Release|iPhone.ActiveCfg = Release|Any CPU
		{5230C439-C8BB-4486-8212-CFAFC1E15074}.Release|iPhone.Build.0 = Release|Any CPU
		{5230C439-C8BB-4486-8212-CFAFC1E15074}.Release|iPhone.Deploy.0 = Release|Any CPU
		{5230C439-C8BB-4486-8212-CFAFC1E15074}.Release|iPhoneSimulator.ActiveCfg = Release|Any CPU
		{5230C439-C8BB-4486-8212-CFAFC1E15074}.Release|iPhoneSimulator.Build.0 = Release|Any CPU
		{5230C439-C8BB-4486-8212-CFAFC1E15074}.Release|iPhoneSimulator.Deploy.0 = Release|Any CPU
		{0CDDD3D5-824D-4820-B557-864942A3EE00}.Debug|Any CPU.ActiveCfg = Debug|iPhone
		{0CDDD3D5-824D-4820-B557-864942A3EE00}.Debug|Any CPU.Build.0 = Debug|iPhone
		{0CDDD3D5-824D-4820-B557-864942A3EE00}.Debug|Any CPU.Deploy.0 = Debug|iPhone
		{0CDDD3D5-824D-4820-B557-864942A3EE00}.Debug|iPhone.ActiveCfg = Debug|iPhone
		{0CDDD3D5-824D-4820-B557-864942A3EE00}.Debug|iPhone.Build.0 = Debug|iPhone
		{0CDDD3D5-824D-4820-B557-864942A3EE00}.Debug|iPhone.Deploy.0 = Debug|iPhone
		{0CDDD3D5-824D-4820-B557-864942A3EE00}.Debug|iPhoneSimulator.ActiveCfg = Debug|iPhoneSimulator
		{0CDDD3D5-824D-4820-B557-864942A3EE00}.Debug|iPhoneSimulator.Build.0 = Debug|iPhoneSimulator
		{0CDDD3D5-824D-4820-B557-864942A3EE00}.Debug|iPhoneSimulator.Deploy.0 = Debug|iPhoneSimulator
		{0CDDD3D5-824D-4820-B557-864942A3EE00}.Release|Any CPU.ActiveCfg = Release|iPhoneSimulator
		{0CDDD3D5-824D-4820-B557-864942A3EE00}.Release|Any CPU.Build.0 = Release|iPhoneSimulator
		{0CDDD3D5-824D-4820-B557-864942A3EE00}.Release|Any CPU.Deploy.0 = Release|iPhoneSimulator
		{0CDDD3D5-824D-4820-B557-864942A3EE00}.Release|iPhone.ActiveCfg = Release|iPhone
		{0CDDD3D5-824D-4820-B557-864942A3EE00}.Release|iPhone.Build.0 = Release|iPhone
		{0CDDD3D5-824D-4820-B557-864942A3EE00}.Release|iPhone.Deploy.0 = Release|iPhone
		{0CDDD3D5-824D-4820-B557-864942A3EE00}.Release|iPhoneSimulator.ActiveCfg = Release|iPhoneSimulator
		{0CDDD3D5-824D-4820-B557-864942A3EE00}.Release|iPhoneSimulator.Build.0 = Release|iPhoneSimulator
		{0CDDD3D5-824D-4820-B557-864942A3EE00}.Release|iPhoneSimulator.Deploy.0 = Release|iPhoneSimulator
		{F523F9ED-7898-4B69-9BC5-0B49DFC4BA84}.Debug|Any CPU.ActiveCfg = Debug|Any CPU
		{F523F9ED-7898-4B69-9BC5-0B49DFC4BA84}.Debug|Any CPU.Build.0 = Debug|Any CPU
		{F523F9ED-7898-4B69-9BC5-0B49DFC4BA84}.Debug|Any CPU.Deploy.0 = Debug|Any CPU
		{F523F9ED-7898-4B69-9BC5-0B49DFC4BA84}.Debug|iPhone.ActiveCfg = Debug|Any CPU
		{F523F9ED-7898-4B69-9BC5-0B49DFC4BA84}.Debug|iPhone.Build.0 = Debug|Any CPU
		{F523F9ED-7898-4B69-9BC5-0B49DFC4BA84}.Debug|iPhone.Deploy.0 = Debug|Any CPU
		{F523F9ED-7898-4B69-9BC5-0B49DFC4BA84}.Debug|iPhoneSimulator.ActiveCfg = Debug|Any CPU
		{F523F9ED-7898-4B69-9BC5-0B49DFC4BA84}.Debug|iPhoneSimulator.Build.0 = Debug|Any CPU
		{F523F9ED-7898-4B69-9BC5-0B49DFC4BA84}.Debug|iPhoneSimulator.Deploy.0 = Debug|Any CPU
		{F523F9ED-7898-4B69-9BC5-0B49DFC4BA84}.Release|Any CPU.ActiveCfg = Release|Any CPU
		{F523F9ED-7898-4B69-9BC5-0B49DFC4BA84}.Release|Any CPU.Build.0 = Release|Any CPU
		{F523F9ED-7898-4B69-9BC5-0B49DFC4BA84}.Release|Any CPU.Deploy.0 = Release|Any CPU
		{F523F9ED-7898-4B69-9BC5-0B49DFC4BA84}.Release|iPhone.ActiveCfg = Release|Any CPU
		{F523F9ED-7898-4B69-9BC5-0B49DFC4BA84}.Release|iPhone.Build.0 = Release|Any CPU
		{F523F9ED-7898-4B69-9BC5-0B49DFC4BA84}.Release|iPhone.Deploy.0 = Release|Any CPU
		{F523F9ED-7898-4B69-9BC5-0B49DFC4BA84}.Release|iPhoneSimulator.ActiveCfg = Release|Any CPU
		{F523F9ED-7898-4B69-9BC5-0B49DFC4BA84}.Release|iPhoneSimulator.Build.0 = Release|Any CPU
		{F523F9ED-7898-4B69-9BC5-0B49DFC4BA84}.Release|iPhoneSimulator.Deploy.0 = Release|Any CPU
	EndGlobalSection
	GlobalSection(SolutionProperties) = preSolution
		HideSolutionNode = FALSE
	EndGlobalSection
	GlobalSection(ExtensibilityGlobals) = postSolution
		SolutionGuid = {F3B33970-F4B6-4929-8390-5D9095C05360}
	EndGlobalSection
EndGlobal
